# This file is autogenerated, do not edit; changes may be undone by the next 'dep ensure'.


[[projects]]
  digest = "1:b352ebb4bbc95f4832f35292f7886883b2bb67792f36e16ebee1addc7165a14c"
  name = "github.com/aws/aws-lambda-go"
  packages = ["events"]
  pruneopts = "UT"
  revision = "9e3676ee8ca83aee500682f382e10b9d03660093"
  version = "v1.8.0"

[[projects]]
  digest = "1:7ae7436e0e1be6021e4f23e3a6fbd3640c9ecdce5441ea5c1f7ceeb74344f173"
  name = "github.com/aws/aws-sdk-go"
  packages = [
    "aws",
    "aws/awserr",
    "aws/awsutil",
    "aws/client",
    "aws/client/metadata",
    "aws/credentials",
    "aws/endpoints",
    "aws/request",
    "aws/signer/v4",
    "internal/ini",
    "internal/sdkio",
    "internal/sdkrand",
    "internal/shareddefaults",
    "private/protocol",
    "private/protocol/json/jsonutil",
    "private/protocol/jsonrpc",
    "private/protocol/rest",
    "private/protocol/restjson",
    "service/lambda",
  ]
  pruneopts = "UT"
  revision = "103cb51d5be1d3e4735da3ed250f27df6c73fadf"
  version = "v1.16.10"

[[projects]]
  digest = "1:bb81097a5b62634f3e9fec1014657855610c82d19b9a40c17612e32651e35dca"
  name = "github.com/jmespath/go-jmespath"
  packages = ["."]
  pruneopts = "UT"
  revision = "c2b33e84"

[solve-meta]
  analyzer-name = "dep"
  analyzer-version = 1
  input-imports = [
    "github.com/aws/aws-lambda-go/events",
    "github.com/aws/aws-sdk-go/service/lambda",
  ]
  solver-name = "gps-cdcl"
  solver-version = 1
